
Microsoft Visual Studio Solution File, Format Version 12.00
# Visual Studio Version 17
VisualStudioVersion = 17.3.32825.248
MinimumVisualStudioVersion = 10.0.40219.1
Project("{FAE04EC0-301F-11D3-BF4B-00C04F79EFBC}") = "Lambda", "Lambda\Lambda.csproj", "{869C1265-44E5-4F10-87D9-89D8F41A8862}"
EndProject
Global
	GlobalSection(SolutionConfigurationPlatforms) = preSolution
		Debug|Any CPU = Debug|Any CPU
		Release|Any CPU = Release|Any CPU
	EndGlobalSection
	GlobalSection(ProjectConfigurationPlatforms) = postSolution
		{869C1265-44E5-4F10-87D9-89D8F41A8862}.Debug|Any CPU.ActiveCfg = Debug|Any CPU
		{869C1265-44E5-4F10-87D9-89D8F41A8862}.Debug|Any CPU.Build.0 = Debug|Any CPU
		{869C1265-44E5-4F10-87D9-89D8F41A8862}.Release|Any CPU.ActiveCfg = Release|Any CPU
		{869C1265-44E5-4F10-87D9-89D8F41A8862}.Release|Any CPU.Build.0 = Release|Any CPU
	EndGlobalSection
	GlobalSection(SolutionProperties) = preSolution
		HideSolutionNode = FALSE
	EndGlobalSection
	GlobalSection(ExtensibilityGlobals) = postSolution
		SolutionGuid = {BCC5CE0C-6035-4D24-8035-06DA962F7407}
	EndGlobalSection
EndGlobal
